
Microsoft Visual Studio Solution File, Format Version 12.00
# Visual Studio Version 17
VisualStudioVersion = 17.14.36518.9 d17.14
MinimumVisualStudioVersion = 10.0.40219.1
Project("{FAE04EC0-301F-11D3-BF4B-00C04F79EFBC}") = "T03_Pratica_JulianaLeite", "T03_Pratica_JulianaLeite.csproj", "{8A37EDD8-533D-4BE5-978E-7126B06A586C}"
EndProject
Global
	GlobalSection(SolutionConfigurationPlatforms) = preSolution
		Debug|Any CPU = Debug|Any CPU
		Release|Any CPU = Release|Any CPU
	EndGlobalSection
	GlobalSection(ProjectConfigurationPlatforms) = postSolution
		{8A37EDD8-533D-4BE5-978E-7126B06A586C}.Debug|Any CPU.ActiveCfg = Debug|Any CPU
		{8A37EDD8-533D-4BE5-978E-7126B06A586C}.Debug|Any CPU.Build.0 = Debug|Any CPU
		{8A37EDD8-533D-4BE5-978E-7126B06A586C}.Release|Any CPU.ActiveCfg = Release|Any CPU
		{8A37EDD8-533D-4BE5-978E-7126B06A586C}.Release|Any CPU.Build.0 = Release|Any CPU
	EndGlobalSection
	GlobalSection(SolutionProperties) = preSolution
		HideSolutionNode = FALSE
	EndGlobalSection
	GlobalSection(ExtensibilityGlobals) = postSolution
		SolutionGuid = {333915BE-A2EF-4D9C-8408-7BA07C49793E}
	EndGlobalSection
EndGlobal
