
Microsoft Visual Studio Solution File, Format Version 12.00
# Visual Studio Version 17
VisualStudioVersion = 17.14.36518.9 d17.14
MinimumVisualStudioVersion = 10.0.40219.1
Project("{FAE04EC0-301F-11D3-BF4B-00C04F79EFBC}") = "TU04JuliaMizuguchiJulianaLeite", "TU04JuliaMizuguchiJulianaLeite.csproj", "{05AAC3A1-5498-43BA-9E1A-3BC825DEAAA3}"
EndProject
Global
	GlobalSection(SolutionConfigurationPlatforms) = preSolution
		Debug|Any CPU = Debug|Any CPU
		Release|Any CPU = Release|Any CPU
	EndGlobalSection
	GlobalSection(ProjectConfigurationPlatforms) = postSolution
		{05AAC3A1-5498-43BA-9E1A-3BC825DEAAA3}.Debug|Any CPU.ActiveCfg = Debug|Any CPU
		{05AAC3A1-5498-43BA-9E1A-3BC825DEAAA3}.Debug|Any CPU.Build.0 = Debug|Any CPU
		{05AAC3A1-5498-43BA-9E1A-3BC825DEAAA3}.Release|Any CPU.ActiveCfg = Release|Any CPU
		{05AAC3A1-5498-43BA-9E1A-3BC825DEAAA3}.Release|Any CPU.Build.0 = Release|Any CPU
	EndGlobalSection
	GlobalSection(SolutionProperties) = preSolution
		HideSolutionNode = FALSE
	EndGlobalSection
	GlobalSection(ExtensibilityGlobals) = postSolution
		SolutionGuid = {B69F48BA-5394-4A77-BCC5-C586AC83358D}
	EndGlobalSection
EndGlobal
