
Microsoft Visual Studio Solution File, Format Version 12.00
# Visual Studio Version 17
VisualStudioVersion = 17.14.36518.9 d17.14
MinimumVisualStudioVersion = 10.0.40219.1
Project("{FAE04EC0-301F-11D3-BF4B-00C04F79EFBC}") = "WebSite_EF", "WebSite_EF.csproj", "{FB7447E8-68C8-4453-B502-F20386622EED}"
EndProject
Global
	GlobalSection(SolutionConfigurationPlatforms) = preSolution
		Debug|Any CPU = Debug|Any CPU
		Release|Any CPU = Release|Any CPU
	EndGlobalSection
	GlobalSection(ProjectConfigurationPlatforms) = postSolution
		{FB7447E8-68C8-4453-B502-F20386622EED}.Debug|Any CPU.ActiveCfg = Debug|Any CPU
		{FB7447E8-68C8-4453-B502-F20386622EED}.Debug|Any CPU.Build.0 = Debug|Any CPU
		{FB7447E8-68C8-4453-B502-F20386622EED}.Release|Any CPU.ActiveCfg = Release|Any CPU
		{FB7447E8-68C8-4453-B502-F20386622EED}.Release|Any CPU.Build.0 = Release|Any CPU
	EndGlobalSection
	GlobalSection(SolutionProperties) = preSolution
		HideSolutionNode = FALSE
	EndGlobalSection
	GlobalSection(ExtensibilityGlobals) = postSolution
		SolutionGuid = {98F79535-12F5-4190-A68F-6AD87CED05E2}
	EndGlobalSection
EndGlobal
