
Microsoft Visual Studio Solution File, Format Version 12.00
# Visual Studio Version 17
VisualStudioVersion = 17.14.36705.20 d17.14
MinimumVisualStudioVersion = 10.0.40219.1
Project("{FAE04EC0-301F-11D3-BF4B-00C04F79EFBC}") = "PrePaidCard_B", "PrePaidCard_B.csproj", "{0A97EDBC-2D04-4E4A-B22B-AEE0E968785D}"
EndProject
Global
	GlobalSection(SolutionConfigurationPlatforms) = preSolution
		Debug|Any CPU = Debug|Any CPU
		Release|Any CPU = Release|Any CPU
	EndGlobalSection
	GlobalSection(ProjectConfigurationPlatforms) = postSolution
		{0A97EDBC-2D04-4E4A-B22B-AEE0E968785D}.Debug|Any CPU.ActiveCfg = Debug|Any CPU
		{0A97EDBC-2D04-4E4A-B22B-AEE0E968785D}.Debug|Any CPU.Build.0 = Debug|Any CPU
		{0A97EDBC-2D04-4E4A-B22B-AEE0E968785D}.Release|Any CPU.ActiveCfg = Release|Any CPU
		{0A97EDBC-2D04-4E4A-B22B-AEE0E968785D}.Release|Any CPU.Build.0 = Release|Any CPU
	EndGlobalSection
	GlobalSection(SolutionProperties) = preSolution
		HideSolutionNode = FALSE
	EndGlobalSection
	GlobalSection(ExtensibilityGlobals) = postSolution
		SolutionGuid = {36C163B6-313E-41B1-AB38-20B2B7CEA21E}
	EndGlobalSection
EndGlobal
