
Microsoft Visual Studio Solution File, Format Version 12.00
# Visual Studio Version 17
VisualStudioVersion = 17.14.36518.9 d17.14
MinimumVisualStudioVersion = 10.0.40219.1
Project("{FAE04EC0-301F-11D3-BF4B-00C04F79EFBC}") = "TUT05_JuliaMizuguchiJulianaLeite", "TUT05_JuliaMizuguchiJulianaLeite.csproj", "{68D2E9F1-4BF7-4C23-BB13-95F91CDA4FEF}"
EndProject
Global
	GlobalSection(SolutionConfigurationPlatforms) = preSolution
		Debug|Any CPU = Debug|Any CPU
		Release|Any CPU = Release|Any CPU
	EndGlobalSection
	GlobalSection(ProjectConfigurationPlatforms) = postSolution
		{68D2E9F1-4BF7-4C23-BB13-95F91CDA4FEF}.Debug|Any CPU.ActiveCfg = Debug|Any CPU
		{68D2E9F1-4BF7-4C23-BB13-95F91CDA4FEF}.Debug|Any CPU.Build.0 = Debug|Any CPU
		{68D2E9F1-4BF7-4C23-BB13-95F91CDA4FEF}.Release|Any CPU.ActiveCfg = Release|Any CPU
		{68D2E9F1-4BF7-4C23-BB13-95F91CDA4FEF}.Release|Any CPU.Build.0 = Release|Any CPU
	EndGlobalSection
	GlobalSection(SolutionProperties) = preSolution
		HideSolutionNode = FALSE
	EndGlobalSection
	GlobalSection(ExtensibilityGlobals) = postSolution
		SolutionGuid = {061374F1-34F2-4955-8048-647B96804518}
	EndGlobalSection
EndGlobal
